
Microsoft Visual Studio Solution File, Format Version 12.00
# Visual Studio 15
Project("{FAE04EC0-301F-11D3-BF4B-00C04F79EFBC}") = "DragNDrop.iOS", "DragNDrop.iOS\DragNDrop.iOS.csproj", "{7BD6E26D-BF2A-4A5E-A171-66C1E67394EA}"
EndProject
Project("{FAE04EC0-301F-11D3-BF4B-00C04F79EFBC}") = "DragNDrop", "DragNDrop\DragNDrop.csproj", "{792330D7-C210-43B8-B67E-92BDBA2D9179}"
EndProject
Global
	GlobalSection(SolutionConfigurationPlatforms) = preSolution
		Debug|iPhoneSimulator = Debug|iPhoneSimulator
		Release|iPhoneSimulator = Release|iPhoneSimulator
		Debug|iPhone = Debug|iPhone
		Release|iPhone = Release|iPhone
		Debug|Any CPU = Debug|Any CPU
		Release|Any CPU = Release|Any CPU
	EndGlobalSection
	GlobalSection(ProjectConfigurationPlatforms) = postSolution
		{7BD6E26D-BF2A-4A5E-A171-66C1E67394EA}.Debug|iPhoneSimulator.ActiveCfg = Debug|iPhoneSimulator
		{7BD6E26D-BF2A-4A5E-A171-66C1E67394EA}.Debug|iPhoneSimulator.Build.0 = Debug|iPhoneSimulator
		{7BD6E26D-BF2A-4A5E-A171-66C1E67394EA}.Release|iPhoneSimulator.ActiveCfg = Release|iPhoneSimulator
		{7BD6E26D-BF2A-4A5E-A171-66C1E67394EA}.Release|iPhoneSimulator.Build.0 = Release|iPhoneSimulator
		{7BD6E26D-BF2A-4A5E-A171-66C1E67394EA}.Debug|iPhone.ActiveCfg = Debug|iPhone
		{7BD6E26D-BF2A-4A5E-A171-66C1E67394EA}.Debug|iPhone.Build.0 = Debug|iPhone
		{7BD6E26D-BF2A-4A5E-A171-66C1E67394EA}.Release|iPhone.ActiveCfg = Release|iPhone
		{7BD6E26D-BF2A-4A5E-A171-66C1E67394EA}.Release|iPhone.Build.0 = Release|iPhone
		{7BD6E26D-BF2A-4A5E-A171-66C1E67394EA}.Debug|Any CPU.ActiveCfg = Debug|iPhoneSimulator
		{7BD6E26D-BF2A-4A5E-A171-66C1E67394EA}.Debug|Any CPU.Build.0 = Debug|iPhoneSimulator
		{7BD6E26D-BF2A-4A5E-A171-66C1E67394EA}.Release|Any CPU.ActiveCfg = Release|iPhoneSimulator
		{7BD6E26D-BF2A-4A5E-A171-66C1E67394EA}.Release|Any CPU.Build.0 = Release|iPhoneSimulator
		{792330D7-C210-43B8-B67E-92BDBA2D9179}.Debug|iPhoneSimulator.ActiveCfg = Debug|Any CPU
		{792330D7-C210-43B8-B67E-92BDBA2D9179}.Debug|iPhoneSimulator.Build.0 = Debug|Any CPU
		{792330D7-C210-43B8-B67E-92BDBA2D9179}.Release|iPhoneSimulator.ActiveCfg = Release|Any CPU
		{792330D7-C210-43B8-B67E-92BDBA2D9179}.Release|iPhoneSimulator.Build.0 = Release|Any CPU
		{792330D7-C210-43B8-B67E-92BDBA2D9179}.Debug|iPhone.ActiveCfg = Debug|Any CPU
		{792330D7-C210-43B8-B67E-92BDBA2D9179}.Debug|iPhone.Build.0 = Debug|Any CPU
		{792330D7-C210-43B8-B67E-92BDBA2D9179}.Release|iPhone.ActiveCfg = Release|Any CPU
		{792330D7-C210-43B8-B67E-92BDBA2D9179}.Release|iPhone.Build.0 = Release|Any CPU
		{792330D7-C210-43B8-B67E-92BDBA2D9179}.Debug|Any CPU.ActiveCfg = Debug|Any CPU
		{792330D7-C210-43B8-B67E-92BDBA2D9179}.Debug|Any CPU.Build.0 = Debug|Any CPU
		{792330D7-C210-43B8-B67E-92BDBA2D9179}.Release|Any CPU.ActiveCfg = Release|Any CPU
		{792330D7-C210-43B8-B67E-92BDBA2D9179}.Release|Any CPU.Build.0 = Release|Any CPU
	EndGlobalSection
EndGlobal
